
Microsoft Visual Studio Solution File, Format Version 12.00
# Visual Studio Version 17
VisualStudioVersion = 17.2.32630.192
MinimumVisualStudioVersion = 10.0.40219.1
Project("{FAE04EC0-301F-11D3-BF4B-00C04F79EFBC}") = "Todo", "Todo\Todo.csproj", "{A1AA271D-9F5E-4CCF-8719-9955E93FC652}"
EndProject
Global
	GlobalSection(SolutionConfigurationPlatforms) = preSolution
		Debug|Any CPU = Debug|Any CPU
		Release|Any CPU = Release|Any CPU
	EndGlobalSection
	GlobalSection(ProjectConfigurationPlatforms) = postSolution
		{A1AA271D-9F5E-4CCF-8719-9955E93FC652}.Debug|Any CPU.ActiveCfg = Debug|Any CPU
		{A1AA271D-9F5E-4CCF-8719-9955E93FC652}.Debug|Any CPU.Build.0 = Debug|Any CPU
		{A1AA271D-9F5E-4CCF-8719-9955E93FC652}.Release|Any CPU.ActiveCfg = Release|Any CPU
		{A1AA271D-9F5E-4CCF-8719-9955E93FC652}.Release|Any CPU.Build.0 = Release|Any CPU
	EndGlobalSection
	GlobalSection(SolutionProperties) = preSolution
		HideSolutionNode = FALSE
	EndGlobalSection
	GlobalSection(ExtensibilityGlobals) = postSolution
		SolutionGuid = {2D5CC5CC-6EFD-4A01-99FA-D32F18A2C03B}
	EndGlobalSection
EndGlobal
